
Microsoft Visual Studio Solution File, Format Version 12.00
# Visual Studio 15
VisualStudioVersion = 15.0.27130.0
MinimumVisualStudioVersion = 10.0.40219.1
Project("{FAE04EC0-301F-11D3-BF4B-00C04F79EFBC}") = "qlkhachsan", "qlkhachsan\qlkhachsan.csproj", "{6067B86F-E674-48EA-8E6E-0013CD1FA13E}"
EndProject
Global
	GlobalSection(SolutionConfigurationPlatforms) = preSolution
		Debug|Any CPU = Debug|Any CPU
		Release|Any CPU = Release|Any CPU
	EndGlobalSection
	GlobalSection(ProjectConfigurationPlatforms) = postSolution
		{6067B86F-E674-48EA-8E6E-0013CD1FA13E}.Debug|Any CPU.ActiveCfg = Debug|Any CPU
		{6067B86F-E674-48EA-8E6E-0013CD1FA13E}.Debug|Any CPU.Build.0 = Debug|Any CPU
		{6067B86F-E674-48EA-8E6E-0013CD1FA13E}.Release|Any CPU.ActiveCfg = Release|Any CPU
		{6067B86F-E674-48EA-8E6E-0013CD1FA13E}.Release|Any CPU.Build.0 = Release|Any CPU
	EndGlobalSection
	GlobalSection(SolutionProperties) = preSolution
		HideSolutionNode = FALSE
	EndGlobalSection
	GlobalSection(ExtensibilityGlobals) = postSolution
		SolutionGuid = {FB53A61A-9229-4BF9-9FBA-269B76365D93}
	EndGlobalSection
EndGlobal
